
Microsoft Visual Studio Solution File, Format Version 12.00
# Visual Studio 15
VisualStudioVersion = 15.0.27428.2043
MinimumVisualStudioVersion = 10.0.40219.1
Project("{FAE04EC0-301F-11D3-BF4B-00C04F79EFBC}") = "Snake", "Snake\Snake.csproj", "{F2C89AD8-CF2D-4586-B117-E64398327017}"
EndProject
Global
	GlobalSection(SolutionConfigurationPlatforms) = preSolution
		Debug|Any CPU = Debug|Any CPU
		Release|Any CPU = Release|Any CPU
	EndGlobalSection
	GlobalSection(ProjectConfigurationPlatforms) = postSolution
		{F2C89AD8-CF2D-4586-B117-E64398327017}.Debug|Any CPU.ActiveCfg = Debug|Any CPU
		{F2C89AD8-CF2D-4586-B117-E64398327017}.Debug|Any CPU.Build.0 = Debug|Any CPU
		{F2C89AD8-CF2D-4586-B117-E64398327017}.Release|Any CPU.ActiveCfg = Release|Any CPU
		{F2C89AD8-CF2D-4586-B117-E64398327017}.Release|Any CPU.Build.0 = Release|Any CPU
	EndGlobalSection
	GlobalSection(SolutionProperties) = preSolution
		HideSolutionNode = FALSE
	EndGlobalSection
	GlobalSection(ExtensibilityGlobals) = postSolution
		SolutionGuid = {2930C234-2917-4CB6-BC1C-8B2E4E21FAB8}
	EndGlobalSection
EndGlobal
